
Microsoft Visual Studio Solution File, Format Version 12.00
# Visual Studio Version 17
VisualStudioVersion = 17.11.35222.181
MinimumVisualStudioVersion = 10.0.40219.1
Project("{FAE04EC0-301F-11D3-BF4B-00C04F79EFBC}") = "AgroTour", "AgroTour\AgroTour.csproj", "{4491A097-EE65-4BB4-ABC9-C165258A896B}"
EndProject
Project("{FAE04EC0-301F-11D3-BF4B-00C04F79EFBC}") = "AgroTour_AggregateRoot", "AgroTour_AggregateRoot\AgroTour_AggregateRoot.csproj", "{CFF6351A-B8C3-470E-AC04-E0F61FC3015F}"
EndProject
Project("{FAE04EC0-301F-11D3-BF4B-00C04F79EFBC}") = "AgroTour_Repository", "AgroTour_Repository\AgroTour_Repository.csproj", "{4173733D-9880-4B0E-909B-A6A5ED7399A1}"
EndProject
Project("{FAE04EC0-301F-11D3-BF4B-00C04F79EFBC}") = "AgroTour_DTO", "AgroTour_DTO\AgroTour_DTO.csproj", "{D1EE3F46-D48A-47ED-83A9-014CC0D318E6}"
EndProject
Project("{FAE04EC0-301F-11D3-BF4B-00C04F79EFBC}") = "AgroTour_Service", "AgroTour_Service\AgroTour_Service.csproj", "{D5B47587-6F4D-4F89-8726-F38D77734CD0}"
EndProject
Global
	GlobalSection(SolutionConfigurationPlatforms) = preSolution
		Debug|Any CPU = Debug|Any CPU
		Release|Any CPU = Release|Any CPU
	EndGlobalSection
	GlobalSection(ProjectConfigurationPlatforms) = postSolution
		{4491A097-EE65-4BB4-ABC9-C165258A896B}.Debug|Any CPU.ActiveCfg = Debug|Any CPU
		{4491A097-EE65-4BB4-ABC9-C165258A896B}.Debug|Any CPU.Build.0 = Debug|Any CPU
		{4491A097-EE65-4BB4-ABC9-C165258A896B}.Release|Any CPU.ActiveCfg = Release|Any CPU
		{4491A097-EE65-4BB4-ABC9-C165258A896B}.Release|Any CPU.Build.0 = Release|Any CPU
		{CFF6351A-B8C3-470E-AC04-E0F61FC3015F}.Debug|Any CPU.ActiveCfg = Debug|Any CPU
		{CFF6351A-B8C3-470E-AC04-E0F61FC3015F}.Debug|Any CPU.Build.0 = Debug|Any CPU
		{CFF6351A-B8C3-470E-AC04-E0F61FC3015F}.Release|Any CPU.ActiveCfg = Release|Any CPU
		{CFF6351A-B8C3-470E-AC04-E0F61FC3015F}.Release|Any CPU.Build.0 = Release|Any CPU
		{4173733D-9880-4B0E-909B-A6A5ED7399A1}.Debug|Any CPU.ActiveCfg = Debug|Any CPU
		{4173733D-9880-4B0E-909B-A6A5ED7399A1}.Debug|Any CPU.Build.0 = Debug|Any CPU
		{4173733D-9880-4B0E-909B-A6A5ED7399A1}.Release|Any CPU.ActiveCfg = Release|Any CPU
		{4173733D-9880-4B0E-909B-A6A5ED7399A1}.Release|Any CPU.Build.0 = Release|Any CPU
		{D1EE3F46-D48A-47ED-83A9-014CC0D318E6}.Debug|Any CPU.ActiveCfg = Debug|Any CPU
		{D1EE3F46-D48A-47ED-83A9-014CC0D318E6}.Debug|Any CPU.Build.0 = Debug|Any CPU
		{D1EE3F46-D48A-47ED-83A9-014CC0D318E6}.Release|Any CPU.ActiveCfg = Release|Any CPU
		{D1EE3F46-D48A-47ED-83A9-014CC0D318E6}.Release|Any CPU.Build.0 = Release|Any CPU
		{D5B47587-6F4D-4F89-8726-F38D77734CD0}.Debug|Any CPU.ActiveCfg = Debug|Any CPU
		{D5B47587-6F4D-4F89-8726-F38D77734CD0}.Debug|Any CPU.Build.0 = Debug|Any CPU
		{D5B47587-6F4D-4F89-8726-F38D77734CD0}.Release|Any CPU.ActiveCfg = Release|Any CPU
		{D5B47587-6F4D-4F89-8726-F38D77734CD0}.Release|Any CPU.Build.0 = Release|Any CPU
	EndGlobalSection
	GlobalSection(SolutionProperties) = preSolution
		HideSolutionNode = FALSE
	EndGlobalSection
	GlobalSection(ExtensibilityGlobals) = postSolution
		SolutionGuid = {046B80F1-16DD-4DB4-B7C3-8A60A0031698}
	EndGlobalSection
EndGlobal
